git.fractalqb.de/fractalqb/c4hgol v0.0.0-20190830190212-4709353c67e8 h1:spMfBexnxZIubNDWwni4ds3KVbgA92z1aU9vWIT/sHI=
git.fractalqb.de/fractalqb/c4hgol v0.0.0-20190830190212-4709353c67e8/go.mod h1:hhreugbmR1r+X88Yy9/m5oqMY0zh4HKheuuBlK58Cwk=
git.fractalqb.de/fractalqb/c4qblog v0.0.0-20190803191819-d692ace49dc8 h1:q2bwAiSw/Hc9UkOk+dZEJbUk+4HOCE59Ao4iaGds78Q=
git.fractalqb.de/fractalqb/c4qblog v0.0.0-20190803191819-d692ace49dc8/go.mod h1:kr4mSFr43ftY1yiWhk3NeIOOcKHqjJkFyqQVru1J34Y=
git.fractalqb.de/fractalqb/qblog v0.0.0-20190803192019-7287d45e8c07 h1:t0tsCXwg8L7hqWidoHQzoXivHRhWP0VJMIvmAIF7JZ0=
git.fractalqb.de/fractalqb/qblog v0.0.0-20190803192019-7287d45e8c07/go.mod h1:Xgw1B1jdM7g0oR9QWC5Im2cgkmnoFk0VHd9gF9ITowY=
git.fractalqb.de/fractalqb/qbsllm v0.0.0-20190725185222-44c702053bd5 h1:9VpuTW2PLf/9B7l1PzLKpZMyq8fbXMlI5QfhUr8H3vE=
git.fractalqb.de/fractalqb/qbsllm v0.0.0-20190725185222-44c702053bd5/go.mod h1:22PqFP1I7HS+6gOpVjcog9u4fvfsSSmHL8h5kqKG5Ck=
git.fractalqb.de/fractalqb/sllm v0.0.0-20190209134424-45af6b7e8892 h1:QgeN0LyPevBeYGDYtMrLDt5LgJzpweKP9CSjOoTTqRc=
git.fractalqb.de/fractalqb/sllm v0.0.0-20190209134424-45af6b7e8892/go.mod h1:+PsXGJEvsaEaSzfV4YF3IgtUtUGl7XrFc+437UFyzZg=
github.com/fsnotify/fsnotify v1.4.7 h1:IXs+QLmnXW2CcXuY+8Mzv/fWEsPGWxqefPtCP5CnV9I=
github.com/fsnotify/fsnotify v1.4.7/go.mod h1:jwhsz4b93w/PPRr/qN1Yymfu8t87LnFCMoQvtojpjFo=
golang.org/x/sys v0.0.0-20190904005037-43c01164e931 h1:+WYfosiOJzB4BjsISl1Rv4ZLUy+VYcF+u+0Y9jcerv8=
golang.org/x/sys v0.0.0-20190904005037-43c01164e931/go.mod h1:h1NjWce9XRLGQEsW7wpKNCjG9DtNlClVuFLEZdDNbEs=
