dmitri.shuralyov.com/gpu/mtl v0.0.0-20190408044501-666a987793e9/go.mod h1:H6x//7gZCb22OMCxBHrMx7a5I7Hp++hsVxbQ4BYO7hU=
git.fractalqb.de/fractalqb/c4hgol v0.10.2/go.mod h1:WaEjUnHxxec4RshLTh6cbtbzTnaYYgsK01gjrkBmuoo=
git.fractalqb.de/fractalqb/c4hgol v0.10.3 h1:ggZJAbAfpqKW4A6tdLm/RDT4usC73FbZcTHeZl//wsw=
git.fractalqb.de/fractalqb/c4hgol v0.10.3/go.mod h1:WaEjUnHxxec4RshLTh6cbtbzTnaYYgsK01gjrkBmuoo=
git.fractalqb.de/fractalqb/c4qblog v0.9.3/go.mod h1:RsMPj3xG3vdJWYtPaSUeHyIfhIqqLmz37DDzvWkRoxw=
git.fractalqb.de/fractalqb/c4qblog v0.9.4/go.mod h1:RsMPj3xG3vdJWYtPaSUeHyIfhIqqLmz37DDzvWkRoxw=
git.fractalqb.de/fractalqb/c4qblog v0.9.6 h1:+nd6UUmSTG0FSzvLIPu5coFTGbfgFJT13qrRXrpW1Jg=
git.fractalqb.de/fractalqb/c4qblog v0.9.6/go.mod h1:6KAB44D/fZR2W+/saWzn0MV/Mt6Yd1rIGqsKtvx0RcU=
git.fractalqb.de/fractalqb/ggja v0.10.1 h1:336gJej4n/z1AgTUN40WYzdyx24y/2N0BXYwhwllgRM=
git.fractalqb.de/fractalqb/ggja v0.10.1/go.mod h1:AIZ5hSqD4EkkA7UhzCeGfD7dS6rjs164qh1hx1B7LE8=
git.fractalqb.de/fractalqb/gomk v0.0.0-20201130173917-247026b7cf39 h1:Pg94UP0AuE6F3vzUDGeRip3MP0TLrBmc6su/Jtxs9Q0=
git.fractalqb.de/fractalqb/gomk v0.0.0-20201130173917-247026b7cf39/go.mod h1:jLov71Wh8e0w6E7+WfNxvuwP1lJ9rPA5WioSf9Z3W/w=
git.fractalqb.de/fractalqb/nmconv v1.0.0 h1:0uluk8m1Yq6BVQizSMl42DckknX3lZtorNwsMXqF9Z4=
git.fractalqb.de/fractalqb/nmconv v1.0.0/go.mod h1:W0ZWPoOv/Pr0aSrmu4Qt8IbXF/gFfyCG08OQLkltGks=
git.fractalqb.de/fractalqb/nmconv v1.0.1 h1:vicnAFD0Si5XpA+l0blEDXKs7a8qWstRsDWM9zBmqrg=
git.fractalqb.de/fractalqb/nmconv v1.0.1/go.mod h1:gMsx/GoC/NtYT0LGv0kxCQF79LG7bI0QilIgLi7GD3o=
git.fractalqb.de/fractalqb/pack v0.5.4 h1:Zqa/1X9dD4yyOaK0ZvsjWce0Hnk/wY/ugN3gv6s9UkU=
git.fractalqb.de/fractalqb/pack v0.5.4/go.mod h1:x5mIjkWItJI5cGt88Eebj6y8FzhP5oZO8lVW4zpQuOY=
git.fractalqb.de/fractalqb/qblog v0.10.0/go.mod h1:cQS2sL/5ZzPpCG/vjuKBfSk540bnj+w2vtF5px89L8c=
git.fractalqb.de/fractalqb/qblog v0.10.1 h1:ZKYPNA7Cy/iSA2mWRsptVf+xeX+Lfzl0Nzm8OreagFA=
git.fractalqb.de/fractalqb/qblog v0.10.1/go.mod h1:cQS2sL/5ZzPpCG/vjuKBfSk540bnj+w2vtF5px89L8c=
git.fractalqb.de/fractalqb/qbsllm v0.10.3/go.mod h1:SPoJQnU1zLXR/uE6AdMoWr3ucYCzZQuU6TTfF2S9ZTg=
git.fractalqb.de/fractalqb/qbsllm v0.11.1 h1:hkJ4fKVjvQAnSsN6r+YtEfJVOjRwCxAyIohsg659tbY=
git.fractalqb.de/fractalqb/qbsllm v0.11.1/go.mod h1:fhTmt6Vfff2LoTqmcBrBBWe3ziaxTPf5YWIFsf30ue0=
git.fractalqb.de/fractalqb/sllm v0.11.1/go.mod h1:FlGIXCoFd6kE9FExAmiZ2CPWrUG8mRdm+fa44zOgPYI=
git.fractalqb.de/fractalqb/sllm v0.12.0 h1:0E+0PpMleAG1ilp7KaXgR58qWFkuri665WFtu4+HhvM=
git.fractalqb.de/fractalqb/sllm v0.12.0/go.mod h1:FlGIXCoFd6kE9FExAmiZ2CPWrUG8mRdm+fa44zOgPYI=
git.fractalqb.de/fractalqb/sllm v1.0.0 h1:d/yfjQMzj4gHAUTO6FG4q2ufQLOWLu/jYyVThdWaAto=
git.fractalqb.de/fractalqb/sllm v1.0.0/go.mod h1:FlGIXCoFd6kE9FExAmiZ2CPWrUG8mRdm+fa44zOgPYI=
github.com/BurntSushi/toml v0.3.1/go.mod h1:xHWCNGjB5oqiDr8zfno3MHue2Ht5sIBksp03qcyfWMU=
github.com/BurntSushi/xgb v0.0.0-20160522181843-27f122750802/go.mod h1:IVnqGOEym/WlBOVXweHU+Q+/VP0lqqI8lqeDx9IjBqo=
github.com/anthonynsimon/bild v0.13.0 h1:mN3tMaNds1wBWi1BrJq0ipDBhpkooYfu7ZFSMhXt1C8=
github.com/anthonynsimon/bild v0.13.0/go.mod h1:tpzzp0aYkAsMi1zmfhimaDyX1xjn2OUc1AJZK/TF0AE=
github.com/armon/consul-api v0.0.0-20180202201655-eb2c6b5be1b6/go.mod h1:grANhF5doyWs3UAsr3K4I6qtAmlQcZDesFNEHPZAzj8=
github.com/coreos/etcd v3.3.10+incompatible/go.mod h1:uF7uidLiAD3TWHmW31ZFd/JWoc32PjwdhPthX9715RE=
github.com/coreos/go-etcd v2.0.0+incompatible/go.mod h1:Jez6KQU2B/sWsbdaef3ED8NzMklzPG4d5KIOhIy30Tk=
github.com/coreos/go-semver v0.2.0/go.mod h1:nnelYz7RCh+5ahJtPPxZlU+153eP4D4r3EedlOD2RNk=
github.com/cpuguy83/go-md2man v1.0.10/go.mod h1:SmD6nW6nTyfqj6ABTjUi3V3JVMnlJmwcJI5acqYI6dE=
github.com/davecgh/go-spew v1.1.1/go.mod h1:J7Y8YcW2NihsgmVo/mv3lAwl/skON4iLHjSsI+c5H38=
github.com/fsnotify/fsnotify v1.4.7/go.mod h1:jwhsz4b93w/PPRr/qN1Yymfu8t87LnFCMoQvtojpjFo=
github.com/fsnotify/fsnotify v1.4.9 h1:hsms1Qyu0jgnwNXIxa+/V/PDsU6CfLf6CNO8H7IWoS4=
github.com/fsnotify/fsnotify v1.4.9/go.mod h1:znqG4EE+3YCdAaPaxE2ZRY/06pZUdp0tY4IgpuI1SZQ=
github.com/go-gl/glfw/v3.3/glfw v0.0.0-20200222043503-6f7a984d4dc4/go.mod h1:tQ2UAYgL5IevRw8kRxooKSPJfGvJ9fJQFa0TUsXzTg8=
github.com/hashicorp/hcl v1.0.0/go.mod h1:E5yfLk+7swimpb2L/Alb/PJmXilQ/rhwaUYs4T20WEQ=
github.com/inconshreveable/mousetrap v1.0.0/go.mod h1:PxqpIevigyE2G7u3NXJIT2ANytuPF1OarO4DADm73n8=
github.com/kr/pretty v0.1.0/go.mod h1:dAy3ld7l9f0ibDNOQOHHMYYIIbhfbHSm3C4ZsoJORNo=
github.com/kr/pty v1.1.1/go.mod h1:pFQYn66WHrOpPYNljwOMqo10TkYh1fy3cYio2l3bCsQ=
github.com/kr/text v0.1.0/go.mod h1:4Jbv+DJW3UT/LiOwJeYQe1efqtUx/iVham/4vfdArNI=
github.com/magiconair/properties v1.8.0/go.mod h1:PppfXfuXeibc/6YijjN8zIbojt8czPbwD3XqdrwzmxQ=
github.com/mitchellh/go-homedir v1.1.0/go.mod h1:SfyaCUpYCn1Vlf4IUYiD9fPX4A5wJrkLzIz1N1q0pr0=
github.com/mitchellh/mapstructure v1.1.2/go.mod h1:FVVH3fgwuzCH5S8UJGiWEs2h04kUh9fWfEaFds41c1Y=
github.com/pelletier/go-toml v1.2.0/go.mod h1:5z9KED0ma1S8pY6P1sdut58dfprrGBbd/94hg7ilaic=
github.com/pmezard/go-difflib v1.0.0/go.mod h1:iKH77koFhYxTK1pcRnkKkqfTogsbg7gZNVY4sRDYZ/4=
github.com/russross/blackfriday v1.5.2/go.mod h1:JO/DiYxRf+HjHt06OyowR9PTA263kcR/rfWxYHBV53g=
github.com/spf13/afero v1.1.2/go.mod h1:j4pytiNVoe2o6bmDsKpLACNPDBIoEAkihy7loJ1B0CQ=
github.com/spf13/cast v1.3.0/go.mod h1:Qx5cxh0v+4UWYiBimWS+eyWzqEqokIECu5etghLkUJE=
github.com/spf13/cobra v0.0.5/go.mod h1:3K3wKZymM7VvHMDS9+Akkh4K60UwM26emMESw8tLCHU=
github.com/spf13/jwalterweatherman v1.0.0/go.mod h1:cQK4TGJAtQXfYWX+Ddv3mKDzgVb68N+wFjFa4jdeBTo=
github.com/spf13/pflag v1.0.3/go.mod h1:DYY7MBk1bdzusC3SYhjObp+wFpr4gzcvqqNjLnInEg4=
github.com/spf13/viper v1.3.2/go.mod h1:ZiWeW+zYFKm7srdB9IoDzzZXaJaI5eL9QjNiN/DMA2s=
github.com/stretchr/testify v1.2.2/go.mod h1:a8OnRcib4nhh0OaRAV+Yts87kKdq0PP7pXfy6kDkUVs=
github.com/stvp/assert v0.0.0-20170616060220-4bc16443988b/go.mod h1:CC7OXV9IjEZRA+znA6/Kz5vbSwh69QioernOHeDCatU=
github.com/ugorji/go/codec v0.0.0-20181204163529-d75b2dcb6bc8/go.mod h1:VFNgLljTbGfSG7qAOspJ7OScBnGdDN/yBr0sguwnwf0=
github.com/xordataexchange/crypt v0.0.3-0.20170626215501-b2862e3d0a77/go.mod h1:aYKd//L2LvnjZzWKhF00oedf4jCCReLcmhLdhm1A27Q=
github.com/yuin/goldmark v1.2.1/go.mod h1:3hX8gzYuyVAZsxl0MRgGTJEmQBFcNTphYh9decYSb74=
golang.org/x/crypto v0.0.0-20181203042331-505ab145d0a9/go.mod h1:6SG95UA2DQfeDnfUPMdvaQW0Q7yPrPDi9nlGo2tz2b4=
golang.org/x/crypto v0.0.0-20190308221718-c2843e01d9a2/go.mod h1:djNgcEr1/C05ACkg1iLfiJU5Ep61QUkGW8qpdssI0+w=
golang.org/x/crypto v0.0.0-20191011191535-87dc89f01550/go.mod h1:yigFU9vqHzYiE8UmvKecakEJjdnWj3jj499lnFckfCI=
golang.org/x/crypto v0.0.0-20200622213623-75b288015ac9/go.mod h1:LzIPMQfyMNhhGPhUkYOs5KpL4U8rLKemX1yGLhDgUto=
golang.org/x/exp v0.0.0-20190306152737-a1d7652674e8/go.mod h1:CJ0aWSM057203Lf6IL+f9T1iT9GByDxfZKAQTCR3kQA=
golang.org/x/exp v0.0.0-20201215153530-b5a6e247da10 h1:XJ9H6vK91O+GoSdT6asXF5xRhlXzAY1J6XeSKpzyOxY=
golang.org/x/exp v0.0.0-20201215153530-b5a6e247da10/go.mod h1:1phAWC201xIgDyaFpmDeZkgf70Q4Pd/CNqfRtVPtxNw=
golang.org/x/image v0.0.0-20190227222117-0694c2d4d067/go.mod h1:kZ7UVZpmo3dzQBMxlp+ypCbDeSB+sBbTgSJuh5dn5js=
golang.org/x/image v0.0.0-20190703141733-d6a02ce849c9/go.mod h1:FeLwcggjj3mMvU+oOTbSwawSJRM1uh48EjtB4UJZlP0=
golang.org/x/image v0.0.0-20190802002840-cff245a6509b h1:+qEpEAPhDZ1o0x3tHzZTQDArnOixOzGD9HUJfcg0mb4=
golang.org/x/image v0.0.0-20190802002840-cff245a6509b/go.mod h1:FeLwcggjj3mMvU+oOTbSwawSJRM1uh48EjtB4UJZlP0=
golang.org/x/mobile v0.0.0-20190719004257-d2bd2a29d028/go.mod h1:E/iHnbuqvinMTCcRqshq8CkpyQDoeVncDDYHnLhea+o=
golang.org/x/mod v0.1.1-0.20191105210325-c90efee705ee/go.mod h1:QqPTAvyqsEbceGzBzNggFXnrqF1CaUcvgkdR5Ot7KZg=
golang.org/x/mod v0.3.0/go.mod h1:s0Qsj1ACt9ePp/hMypM3fl4fZqREWJwdYDEqhRiZZUA=
golang.org/x/mod v0.3.1-0.20200828183125-ce943fd02449 h1:xUIPaMhvROX9dhPvRCenIJtU78+lbEenGbgqB5hfHCQ=
golang.org/x/mod v0.3.1-0.20200828183125-ce943fd02449/go.mod h1:s0Qsj1ACt9ePp/hMypM3fl4fZqREWJwdYDEqhRiZZUA=
golang.org/x/mod v0.4.0 h1:8pl+sMODzuvGJkmj2W4kZihvVb5mKm8pB/X44PIQHv8=
golang.org/x/mod v0.4.0/go.mod h1:s0Qsj1ACt9ePp/hMypM3fl4fZqREWJwdYDEqhRiZZUA=
golang.org/x/net v0.0.0-20190404232315-eb5bcb51f2a3/go.mod h1:t9HGtf8HONx5eT2rtn7q6eTqICYqUVnKs3thJo3Qplg=
golang.org/x/net v0.0.0-20190620200207-3b0461eec859/go.mod h1:z5CRVTTTmAJ677TzLLGU+0bjPO0LkuOLi4/5GtJWs/s=
golang.org/x/net v0.0.0-20201021035429-f5854403a974/go.mod h1:sp8m0HH+o8qH0wwXwYZr8TS3Oi6o0r6Gce1SSxlDquU=
golang.org/x/sync v0.0.0-20190423024810-112230192c58/go.mod h1:RxMgew5VJxzue5/jJTE5uejpjVlOe/izrB70Jof72aM=
golang.org/x/sync v0.0.0-20201020160332-67f06af15bc9/go.mod h1:RxMgew5VJxzue5/jJTE5uejpjVlOe/izrB70Jof72aM=
golang.org/x/sys v0.0.0-20181205085412-a5c9d58dba9a/go.mod h1:STP8DvDyc/dI5b8T5hshtkjS+E42TnysNCUPdjciGhY=
golang.org/x/sys v0.0.0-20190215142949-d0b11bdaac8a/go.mod h1:STP8DvDyc/dI5b8T5hshtkjS+E42TnysNCUPdjciGhY=
golang.org/x/sys v0.0.0-20190312061237-fead79001313/go.mod h1:h1NjWce9XRLGQEsW7wpKNCjG9DtNlClVuFLEZdDNbEs=
golang.org/x/sys v0.0.0-20190412213103-97732733099d/go.mod h1:h1NjWce9XRLGQEsW7wpKNCjG9DtNlClVuFLEZdDNbEs=
golang.org/x/sys v0.0.0-20191001151750-bb3f8db39f24/go.mod h1:h1NjWce9XRLGQEsW7wpKNCjG9DtNlClVuFLEZdDNbEs=
golang.org/x/sys v0.0.0-20191005200804-aed5e4c7ecf9 h1:L2auWcuQIvxz9xSEqzESnV/QN/gNRXNApHi3fYwl2w0=
golang.org/x/sys v0.0.0-20191005200804-aed5e4c7ecf9/go.mod h1:h1NjWce9XRLGQEsW7wpKNCjG9DtNlClVuFLEZdDNbEs=
golang.org/x/sys v0.0.0-20200930185726-fdedc70b468f/go.mod h1:h1NjWce9XRLGQEsW7wpKNCjG9DtNlClVuFLEZdDNbEs=
golang.org/x/text v0.3.0/go.mod h1:NqM8EUOU14njkJ3fqMW+pc6Ldnwhi/IjpwHt7yyuwOQ=
golang.org/x/text v0.3.3/go.mod h1:5Zoc/QRtKVWzQhOtBMvqHzDpF6irO9z98xDceosuGiQ=
golang.org/x/tools v0.0.0-20180917221912-90fa682c2a6e/go.mod h1:n7NCudcB/nEzxVGmLbDWY5pfWTLqBcC2KZ6jyYvM4mQ=
golang.org/x/tools v0.0.0-20191119224855-298f0cb1881e/go.mod h1:b+2E5dAYhXwXZwtnZ6UAqBI28+e2cm9otk0dWdXHAEo=
golang.org/x/tools v0.0.0-20200207183749-b753a1ba74fa h1:5E4dL8+NgFOgjwbTKz+OOEGGhP+ectTmF842l6KjupQ=
golang.org/x/tools v0.0.0-20200207183749-b753a1ba74fa/go.mod h1:TB2adYChydJhpapKDTa4BR/hXlZSLoq2Wpct/0txZ28=
golang.org/x/tools v0.0.0-20201215192005-fa10ef0b8743 h1:SLHKXsC4wI4NdEGVGe/yxcTBkF/mPUS7agW3Qt5smVg=
golang.org/x/tools v0.0.0-20201215192005-fa10ef0b8743/go.mod h1:emZCQorbCU4vsT4fOWvOPXz4eW1wZW4PmDk9uLelYpA=
golang.org/x/xerrors v0.0.0-20190717185122-a985d3407aa7/go.mod h1:I/5z698sn9Ka8TeJc9MKroUUfqBBauWjQqLJ2OPfmY0=
golang.org/x/xerrors v0.0.0-20191011141410-1b5146add898/go.mod h1:I/5z698sn9Ka8TeJc9MKroUUfqBBauWjQqLJ2OPfmY0=
golang.org/x/xerrors v0.0.0-20200804184101-5ec99f83aff1 h1:go1bK/D/BFZV2I8cIQd1NKEZ+0owSTG1fDTci4IqFcE=
golang.org/x/xerrors v0.0.0-20200804184101-5ec99f83aff1/go.mod h1:I/5z698sn9Ka8TeJc9MKroUUfqBBauWjQqLJ2OPfmY0=
gopkg.in/check.v1 v0.0.0-20161208181325-20d25e280405/go.mod h1:Co6ibVJAznAaIkqp8huTwlJQCZ016jof/cbN4VW5Yz0=
gopkg.in/yaml.v2 v2.2.2/go.mod h1:hI93XBmqTisBFMUTm0b8Fm+jr3Dg1NNxqwp+5A1VGuI=
