git.fractalqb.de/fractalqb/catch v0.3.0 h1:Gq2b4k3O4+8joTlXLx8thcwYU0FkRGnZgDAoalAs4dM=
git.fractalqb.de/fractalqb/catch v0.3.0/go.mod h1:zXovejd5jSkpUrfb5N5wuGqfhoP419f7IjdK+JKIbeE=
git.fractalqb.de/fractalqb/daq v0.0.0-20231229121911-b488dda62b2c h1:bUJ0wn+DYDrROK16KGRD+awQx+pKE+cp8ldf3ZO9sTA=
git.fractalqb.de/fractalqb/daq v0.0.0-20231229121911-b488dda62b2c/go.mod h1:JCEJrpP/hbYN+Vo/RgfgSQrhb8HNJqSPzdU1QVCp+AE=
git.fractalqb.de/fractalqb/eloc v0.0.0-20231227105451-985ff6d3257d h1:4Q9/UNvRrqbtU77ZpK3CKPUoYd6WRxOfOfeHIOQHPX4=
git.fractalqb.de/fractalqb/eloc v0.0.0-20231227105451-985ff6d3257d/go.mod h1:bYWIoe0VSIhnJLgrgh1TNOF0n72MpwobmOJS8oZah1I=
git.fractalqb.de/fractalqb/gomk v0.10.1 h1:Vgh8DBYabmb6lrLEc5o5cByAaXrxgDdQTRNIGmyPzMw=
git.fractalqb.de/fractalqb/gomk v0.10.1/go.mod h1:4ABwOngHqUTwQpoQpxcaOkc+FhROqrzuRqVyjzF+k0M=
git.fractalqb.de/fractalqb/icontainer v0.3.0 h1:Ng806FZ9qNLCgk9VJt6egCIMxzbiBTzELHJTwQ+Pg8s=
git.fractalqb.de/fractalqb/icontainer v0.3.0/go.mod h1:8tedqqrYIvDzOkigsUUtta/KoP1pHjHJ0s+4cx5rkXU=
git.fractalqb.de/fractalqb/qblog v0.14.3 h1:Pl6hxImiw+lzMzcCNaqQCPi5cVvevssy5um7Wcim8Tk=
git.fractalqb.de/fractalqb/qblog v0.14.3/go.mod h1:0OQMFGkEYrCSqwXmuJebD9eUqb2dyKJ6rd/qFskDW84=
git.fractalqb.de/fractalqb/sllm/v3 v3.0.0-beta.2 h1:BKepN60EDAsvA4CZLRcUmIobpSEee+aiOHyeH8bfPf4=
git.fractalqb.de/fractalqb/sllm/v3 v3.0.0-beta.2/go.mod h1:TF4z6bXt5lA1tTq4x6eeuaqA9NIYGgTDwui+ookYC7A=
git.fractalqb.de/fractalqb/testerr v0.0.0-20231216202338-5365a38895fa h1:zMVgHGMwuDC/twIlfDbJuBTPqWyGflP4z67L4AlBHTc=
git.fractalqb.de/fractalqb/testerr v0.0.0-20231216202338-5365a38895fa/go.mod h1:9QIePAgsw5T/fD2CZmMUFs9xdBxryombyGoA812O288=
github.com/BurntSushi/toml v0.3.1/go.mod h1:xHWCNGjB5oqiDr8zfno3MHue2Ht5sIBksp03qcyfWMU=
github.com/anthonynsimon/bild v0.13.0 h1:mN3tMaNds1wBWi1BrJq0ipDBhpkooYfu7ZFSMhXt1C8=
github.com/anthonynsimon/bild v0.13.0/go.mod h1:tpzzp0aYkAsMi1zmfhimaDyX1xjn2OUc1AJZK/TF0AE=
github.com/armon/consul-api v0.0.0-20180202201655-eb2c6b5be1b6/go.mod h1:grANhF5doyWs3UAsr3K4I6qtAmlQcZDesFNEHPZAzj8=
github.com/coreos/etcd v3.3.10+incompatible/go.mod h1:uF7uidLiAD3TWHmW31ZFd/JWoc32PjwdhPthX9715RE=
github.com/coreos/go-etcd v2.0.0+incompatible/go.mod h1:Jez6KQU2B/sWsbdaef3ED8NzMklzPG4d5KIOhIy30Tk=
github.com/coreos/go-semver v0.2.0/go.mod h1:nnelYz7RCh+5ahJtPPxZlU+153eP4D4r3EedlOD2RNk=
github.com/cpuguy83/go-md2man v1.0.10/go.mod h1:SmD6nW6nTyfqj6ABTjUi3V3JVMnlJmwcJI5acqYI6dE=
github.com/davecgh/go-spew v1.1.1/go.mod h1:J7Y8YcW2NihsgmVo/mv3lAwl/skON4iLHjSsI+c5H38=
github.com/fractalqb/texst v0.8.0 h1:r+2Vlj2rys0VNFgQVVp/rCFqO+Hc0HCj8b6pK1DLP04=
github.com/fractalqb/texst v0.8.0/go.mod h1:1I3XAXaa6C7b8ueo/QIQFXjyhj8oOJA2vNoNHOl08h4=
github.com/fsnotify/fsnotify v1.4.7/go.mod h1:jwhsz4b93w/PPRr/qN1Yymfu8t87LnFCMoQvtojpjFo=
github.com/hashicorp/hcl v1.0.0/go.mod h1:E5yfLk+7swimpb2L/Alb/PJmXilQ/rhwaUYs4T20WEQ=
github.com/inconshreveable/mousetrap v1.0.0/go.mod h1:PxqpIevigyE2G7u3NXJIT2ANytuPF1OarO4DADm73n8=
github.com/magiconair/properties v1.8.0/go.mod h1:PppfXfuXeibc/6YijjN8zIbojt8czPbwD3XqdrwzmxQ=
github.com/mitchellh/go-homedir v1.1.0/go.mod h1:SfyaCUpYCn1Vlf4IUYiD9fPX4A5wJrkLzIz1N1q0pr0=
github.com/mitchellh/mapstructure v1.1.2/go.mod h1:FVVH3fgwuzCH5S8UJGiWEs2h04kUh9fWfEaFds41c1Y=
github.com/mitchellh/mapstructure v1.5.0 h1:jeMsZIYE/09sWLaz43PL7Gy6RuMjD2eJVyuac5Z2hdY=
github.com/mitchellh/mapstructure v1.5.0/go.mod h1:bFUtVrKA4DC2yAKiSyO/QUcy7e+RRV2QTWOzhPopBRo=
github.com/pelletier/go-toml v1.2.0/go.mod h1:5z9KED0ma1S8pY6P1sdut58dfprrGBbd/94hg7ilaic=
github.com/pmezard/go-difflib v1.0.0/go.mod h1:iKH77koFhYxTK1pcRnkKkqfTogsbg7gZNVY4sRDYZ/4=
github.com/rjeczalik/notify v0.9.3 h1:6rJAzHTGKXGj76sbRgDiDcYj/HniypXmSJo1SWakZeY=
github.com/rjeczalik/notify v0.9.3/go.mod h1:gF3zSOrafR9DQEWSE8TjfI9NkooDxbyT4UgRGKZA0lc=
github.com/russross/blackfriday v1.5.2/go.mod h1:JO/DiYxRf+HjHt06OyowR9PTA263kcR/rfWxYHBV53g=
github.com/simonnilsson/ask v0.4.0 h1:m+IaCOwgvXI1w9+g4PiCmxwBD/nEjd1ycc+oneQLMLU=
github.com/simonnilsson/ask v0.4.0/go.mod h1:sUb3WVJKlF20TzemrTDTB5b1e2mxYYqluNe75OPa7Tg=
github.com/spf13/afero v1.1.2/go.mod h1:j4pytiNVoe2o6bmDsKpLACNPDBIoEAkihy7loJ1B0CQ=
github.com/spf13/cast v1.3.0/go.mod h1:Qx5cxh0v+4UWYiBimWS+eyWzqEqokIECu5etghLkUJE=
github.com/spf13/cobra v0.0.5/go.mod h1:3K3wKZymM7VvHMDS9+Akkh4K60UwM26emMESw8tLCHU=
github.com/spf13/jwalterweatherman v1.0.0/go.mod h1:cQK4TGJAtQXfYWX+Ddv3mKDzgVb68N+wFjFa4jdeBTo=
github.com/spf13/pflag v1.0.3/go.mod h1:DYY7MBk1bdzusC3SYhjObp+wFpr4gzcvqqNjLnInEg4=
github.com/spf13/viper v1.3.2/go.mod h1:ZiWeW+zYFKm7srdB9IoDzzZXaJaI5eL9QjNiN/DMA2s=
github.com/stretchr/testify v1.2.2/go.mod h1:a8OnRcib4nhh0OaRAV+Yts87kKdq0PP7pXfy6kDkUVs=
github.com/ugorji/go/codec v0.0.0-20181204163529-d75b2dcb6bc8/go.mod h1:VFNgLljTbGfSG7qAOspJ7OScBnGdDN/yBr0sguwnwf0=
github.com/xordataexchange/crypt v0.0.3-0.20170626215501-b2862e3d0a77/go.mod h1:aYKd//L2LvnjZzWKhF00oedf4jCCReLcmhLdhm1A27Q=
golang.org/x/crypto v0.0.0-20181203042331-505ab145d0a9/go.mod h1:6SG95UA2DQfeDnfUPMdvaQW0Q7yPrPDi9nlGo2tz2b4=
golang.org/x/image v0.0.0-20190703141733-d6a02ce849c9/go.mod h1:FeLwcggjj3mMvU+oOTbSwawSJRM1uh48EjtB4UJZlP0=
golang.org/x/image v0.14.0 h1:tNgSxAFe3jC4uYqvZdTr84SZoM1KfwdC9SKIFrLjFn4=
golang.org/x/image v0.14.0/go.mod h1:HUYqC05R2ZcZ3ejNQsIHQDQiwWM4JBqmm6MKANTp4LE=
golang.org/x/sys v0.0.0-20180926160741-c2ed4eda69e7/go.mod h1:STP8DvDyc/dI5b8T5hshtkjS+E42TnysNCUPdjciGhY=
golang.org/x/sys v0.0.0-20181205085412-a5c9d58dba9a/go.mod h1:STP8DvDyc/dI5b8T5hshtkjS+E42TnysNCUPdjciGhY=
golang.org/x/sys v0.15.0 h1:h48lPFYpsTvQJZF4EKyI4aLHaev3CxivZmv7yZig9pc=
golang.org/x/sys v0.15.0/go.mod h1:/VUhepiaJMQUp4+oa/7Zr1D23ma6VTLIYjOOTFZPUcA=
golang.org/x/text v0.3.0/go.mod h1:NqM8EUOU14njkJ3fqMW+pc6Ldnwhi/IjpwHt7yyuwOQ=
gopkg.in/check.v1 v0.0.0-20161208181325-20d25e280405 h1:yhCVgyC4o1eVCa2tZl7eS0r+SDo693bJlVdllGtEeKM=
gopkg.in/check.v1 v0.0.0-20161208181325-20d25e280405/go.mod h1:Co6ibVJAznAaIkqp8huTwlJQCZ016jof/cbN4VW5Yz0=
gopkg.in/yaml.v2 v2.2.2/go.mod h1:hI93XBmqTisBFMUTm0b8Fm+jr3Dg1NNxqwp+5A1VGuI=
gopkg.in/yaml.v3 v3.0.1 h1:fxVm/GzAzEWqLHuvctI91KS9hhNmmWOoWu0XTYJS7CA=
gopkg.in/yaml.v3 v3.0.1/go.mod h1:K4uyk7z7BCEPqu6E+C64Yfv1cQ7kz7rIZviUmN+EgEM=
